
Microsoft Visual Studio Solution File, Format Version 12.00
# Visual Studio Version 17
VisualStudioVersion = 17.13.35919.96 d17.13
MinimumVisualStudioVersion = 10.0.40219.1
Project("{FAE04EC0-301F-11D3-BF4B-00C04F79EFBC}") = "ProstaffProg", "ProstaffProg\ProstaffProg.csproj", "{EB6600F1-5D4F-405D-8ADB-0F8DD8A21646}"
EndProject
Global
	GlobalSection(SolutionConfigurationPlatforms) = preSolution
		Debug|Any CPU = Debug|Any CPU
		Debug|x64 = Debug|x64
		Release|Any CPU = Release|Any CPU
		Release|x64 = Release|x64
	EndGlobalSection
	GlobalSection(ProjectConfigurationPlatforms) = postSolution
		{EB6600F1-5D4F-405D-8ADB-0F8DD8A21646}.Debug|Any CPU.ActiveCfg = Debug|Any CPU
		{EB6600F1-5D4F-405D-8ADB-0F8DD8A21646}.Debug|Any CPU.Build.0 = Debug|Any CPU
		{EB6600F1-5D4F-405D-8ADB-0F8DD8A21646}.Debug|x64.ActiveCfg = Debug|x64
		{EB6600F1-5D4F-405D-8ADB-0F8DD8A21646}.Debug|x64.Build.0 = Debug|x64
		{EB6600F1-5D4F-405D-8ADB-0F8DD8A21646}.Release|Any CPU.ActiveCfg = Release|Any CPU
		{EB6600F1-5D4F-405D-8ADB-0F8DD8A21646}.Release|Any CPU.Build.0 = Release|Any CPU
		{EB6600F1-5D4F-405D-8ADB-0F8DD8A21646}.Release|x64.ActiveCfg = Release|x64
		{EB6600F1-5D4F-405D-8ADB-0F8DD8A21646}.Release|x64.Build.0 = Release|x64
	EndGlobalSection
	GlobalSection(SolutionProperties) = preSolution
		HideSolutionNode = FALSE
	EndGlobalSection
	GlobalSection(ExtensibilityGlobals) = postSolution
		SolutionGuid = {C628055B-5861-4441-B94D-D37F862C4C06}
	EndGlobalSection
EndGlobal
